{
  "projects": [
    {
      "projectId": "v57deDbCRSiUfTDw1tW741",
      "version": "latest",
      "dependencies": {
        "aEHVN5v6mfM4eovDsL8Z7d": "0.3.0"
      },
      "lang": "ts",
      "fileLocks": [
        {
          "type": "globalVariant",
          "assetId": "6ZX-_2C3kdhG",
          "checksum": "9760e6a5bf10350f50588da65653cd4e"
        },
        {
          "assetId": "v57deDbCRSiUfTDw1tW741",
          "checksum": "f88c7d8c34e2ce550feaecd604f645e4",
          "type": "globalContexts"
        },
        {
          "type": "renderModule",
          "assetId": "Vr6w4OQ1QIr8",
          "checksum": "97ac67337fc5d4c1e72bd1ffd91486dd"
        },
        {
          "type": "cssRules",
          "assetId": "Vr6w4OQ1QIr8",
          "checksum": "97ac67337fc5d4c1e72bd1ffd91486dd"
        },
        {
          "type": "renderModule",
          "assetId": "fg07TcMEp1vM",
          "checksum": "99ba1c2962ce8e6e8de0c9564abb1425"
        },
        {
          "type": "cssRules",
          "assetId": "fg07TcMEp1vM",
          "checksum": "99ba1c2962ce8e6e8de0c9564abb1425"
        },
        {
          "type": "icon",
          "assetId": "Hw4uH64OkDA1",
          "checksum": "c8b86c4126efecfd760f713072c47086"
        },
        {
          "type": "icon",
          "assetId": "3EgpshlPs7dM",
          "checksum": "6550c944d309fdd81e5ae8fddb3f35d2"
        },
        {
          "assetId": "v57deDbCRSiUfTDw1tW741",
          "type": "projectCss",
          "checksum": "2c8a49946fe2aa2ed1bd0d3238301aea"
        },
        {
          "type": "icon",
          "assetId": "T0cp7KYPODD4",
          "checksum": "b916668cdfd402c1cbc414d0c3cf74c2"
        },
        {
          "type": "icon",
          "assetId": "srpZpCYAa_Ql",
          "checksum": "f1ae47e01b8a21b07172f564efbc5993"
        }
      ],
      "codegenVersion": "0.0.1"
    },
    {
      "projectId": "aEHVN5v6mfM4eovDsL8Z7d",
      "version": "0.3.0",
      "dependencies": {},
      "lang": "ts",
      "fileLocks": [
        {
          "assetId": "aEHVN5v6mfM4eovDsL8Z7d",
          "type": "projectCss",
          "checksum": "e1ec850476829c38b0f9b6d4f7ac446a"
        }
      ],
      "codegenVersion": "0.0.1"
    }
  ],
  "cliVersion": "0.1.331"
}
