{
  "projects": [
    {
      "projectId": "v57deDbCRSiUfTDw1tW741",
      "version": "latest",
      "dependencies": {
        "aEHVN5v6mfM4eovDsL8Z7d": "0.3.0"
      },
      "lang": "ts",
      "fileLocks": [
        {
          "type": "globalVariant",
          "assetId": "6ZX-_2C3kdhG",
          "checksum": "9760e6a5bf10350f50588da65653cd4e"
        },
        {
          "assetId": "v57deDbCRSiUfTDw1tW741",
          "checksum": "f88c7d8c34e2ce550feaecd604f645e4",
          "type": "globalContexts"
        },
        {
          "type": "renderModule",
          "assetId": "Vr6w4OQ1QIr8",
          "checksum": "f860844b85084ecb5053b4681a61584d"
        },
        {
          "type": "cssRules",
          "assetId": "Vr6w4OQ1QIr8",
          "checksum": "f860844b85084ecb5053b4681a61584d"
        },
        {
          "type": "renderModule",
          "assetId": "fg07TcMEp1vM",
          "checksum": "b2d9b98977e9b4038e3dd4f2a4e484b0"
        },
        {
          "type": "cssRules",
          "assetId": "fg07TcMEp1vM",
          "checksum": "b2d9b98977e9b4038e3dd4f2a4e484b0"
        },
        {
          "type": "icon",
          "assetId": "Hw4uH64OkDA1",
          "checksum": "c8b86c4126efecfd760f713072c47086"
        },
        {
          "type": "icon",
          "assetId": "3EgpshlPs7dM",
          "checksum": "6550c944d309fdd81e5ae8fddb3f35d2"
        },
        {
          "assetId": "v57deDbCRSiUfTDw1tW741",
          "type": "projectCss",
          "checksum": "2c8a49946fe2aa2ed1bd0d3238301aea"
        }
      ],
      "codegenVersion": "0.0.1"
    },
    {
      "projectId": "aEHVN5v6mfM4eovDsL8Z7d",
      "version": "0.3.0",
      "dependencies": {},
      "lang": "ts",
      "fileLocks": [
        {
          "assetId": "aEHVN5v6mfM4eovDsL8Z7d",
          "type": "projectCss",
          "checksum": "e1ec850476829c38b0f9b6d4f7ac446a"
        }
      ],
      "codegenVersion": "0.0.1"
    }
  ],
  "cliVersion": "0.1.331"
}
