{
  "projects": [
    {
      "projectId": "v57deDbCRSiUfTDw1tW741",
      "version": "latest",
      "dependencies": {
        "aEHVN5v6mfM4eovDsL8Z7d": "0.3.0",
        "sqPBLwEBBKHA2WDuGb17eV": "0.12.0",
        "ohDidvG9XsCeFumugENU3J": "6.24.0",
        "r3ASNrnyvLLLAtDvzUioQ": "4.5.0"
      },
      "lang": "ts",
      "fileLocks": [
        {
          "type": "globalVariant",
          "assetId": "6ZX-_2C3kdhG",
          "checksum": "9760e6a5bf10350f50588da65653cd4e"
        },
        {
          "assetId": "v57deDbCRSiUfTDw1tW741",
          "checksum": "e4d6606d2aee09de92d005f7b344a35e",
          "type": "globalContexts"
        },
        {
          "type": "renderModule",
          "assetId": "Vr6w4OQ1QIr8",
          "checksum": "6a99a15f2f92f0312d515a08a238e32f"
        },
        {
          "type": "cssRules",
          "assetId": "Vr6w4OQ1QIr8",
          "checksum": "6a99a15f2f92f0312d515a08a238e32f"
        },
        {
          "type": "renderModule",
          "assetId": "fg07TcMEp1vM",
          "checksum": "51c5f61733f22bd3d93f7b77ae1d5d09"
        },
        {
          "type": "cssRules",
          "assetId": "fg07TcMEp1vM",
          "checksum": "51c5f61733f22bd3d93f7b77ae1d5d09"
        },
        {
          "type": "icon",
          "assetId": "Hw4uH64OkDA1",
          "checksum": "c8b86c4126efecfd760f713072c47086"
        },
        {
          "type": "icon",
          "assetId": "3EgpshlPs7dM",
          "checksum": "6550c944d309fdd81e5ae8fddb3f35d2"
        },
        {
          "type": "icon",
          "assetId": "T0cp7KYPODD4",
          "checksum": "b916668cdfd402c1cbc414d0c3cf74c2"
        },
        {
          "type": "icon",
          "assetId": "srpZpCYAa_Ql",
          "checksum": "f1ae47e01b8a21b07172f564efbc5993"
        },
        {
          "type": "icon",
          "assetId": "0AQmTfOu8QKR",
          "checksum": "06a0746fe5ab9529acb27386a64662ea"
        },
        {
          "type": "icon",
          "assetId": "QfKkGFij0xBD",
          "checksum": "49f2ca6e4a9f94cc80046da06cf584fc"
        },
        {
          "type": "icon",
          "assetId": "pwWlXfOSGjYC",
          "checksum": "58485392ab8b527119e137124713a4c6"
        },
        {
          "type": "icon",
          "assetId": "SSwrcuzlli4Z",
          "checksum": "c36da7db9180768602aa0d2a6629c567"
        },
        {
          "type": "icon",
          "assetId": "qCuQllxKghDt",
          "checksum": "e0c85b98ef6d45156f5a8ec1ef29d270"
        },
        {
          "type": "icon",
          "assetId": "Dw9Kw-Ug9oZZ",
          "checksum": "3d450f37159379efb22d4f560fc9a234"
        },
        {
          "type": "icon",
          "assetId": "56JIKTam9myl",
          "checksum": "abf51e7b767064184e555b94d2c17875"
        },
        {
          "type": "icon",
          "assetId": "P-khE6MRpQH5",
          "checksum": "1de38c3bd47a8dd743e9dfd4356ff4b9"
        },
        {
          "type": "icon",
          "assetId": "sorZQR68rKUo",
          "checksum": "d2c47072d00f12050d61b3bb02dd60a7"
        },
        {
          "type": "icon",
          "assetId": "8DKb3GABQJwG",
          "checksum": "bc11ccd60fcd775fc5f5c72fb2f59e9e"
        },
        {
          "type": "icon",
          "assetId": "evTl-3AIin7I",
          "checksum": "41e6ad2d18fd275a04d2aa01f648b6ca"
        },
        {
          "type": "image",
          "assetId": "iNf_azrbJksN",
          "checksum": "21cc66974779ea85b2c4532d47af3934"
        },
        {
          "type": "image",
          "assetId": "HkH8kOUVzvu0",
          "checksum": "4e95eafee1394745eb3ec464b70dfae5"
        },
        {
          "type": "image",
          "assetId": "ZIGOGhGK7Mlv",
          "checksum": "4dc1e51050b8ccb5eff621526ecb5bcc"
        },
        {
          "type": "image",
          "assetId": "Kc7CO7fRZ-HC",
          "checksum": "cb86bc67ac00f6c8071adf01abffc34b"
        },
        {
          "type": "icon",
          "assetId": "DsAf4MvKUgnF",
          "checksum": "e224f7fa3fad427a6920a45c03c96e3e"
        },
        {
          "type": "renderModule",
          "assetId": "ZhyzlrsmIhLT",
          "checksum": "4c4a9214ad453e82671cafd4f08031cf"
        },
        {
          "type": "cssRules",
          "assetId": "ZhyzlrsmIhLT",
          "checksum": "4c4a9214ad453e82671cafd4f08031cf"
        },
        {
          "type": "renderModule",
          "assetId": "WeG-0Eugh_P9",
          "checksum": "96abb7566d1a31bb25c42af9bdd009f3"
        },
        {
          "type": "cssRules",
          "assetId": "WeG-0Eugh_P9",
          "checksum": "96abb7566d1a31bb25c42af9bdd009f3"
        },
        {
          "type": "icon",
          "assetId": "lMFOH7WKwYY9",
          "checksum": "5ae347c55a55c80cb187991c87566b65"
        },
        {
          "type": "icon",
          "assetId": "KIkecbYpwuHF",
          "checksum": "5605e2a2b04ed685ab4d7fd149c9d8d0"
        },
        {
          "type": "icon",
          "assetId": "QRd2eX6oFzLw",
          "checksum": "8308ed171a95b996a58e95644e0df07b"
        },
        {
          "type": "image",
          "assetId": "wUlqmnc0SQRo",
          "checksum": "86aeea8ad419ca3a543be39c7aa011bb"
        },
        {
          "type": "image",
          "assetId": "jpyBRabJOcMD",
          "checksum": "f3c9d86dd7e95f94218859662c18f213"
        },
        {
          "type": "image",
          "assetId": "XJN23Zkc_hy8",
          "checksum": "156c0421573aea5220c3706f5beb8cda"
        },
        {
          "type": "image",
          "assetId": "RHI1LUbTlMS_",
          "checksum": "b580f2b9abc0878d0396a5ae77071002"
        },
        {
          "type": "image",
          "assetId": "e9JRLjlGBol0",
          "checksum": "0d2fb20d10eebd5f24de999a93f78268"
        },
        {
          "type": "image",
          "assetId": "4dJK3fZsxCHv",
          "checksum": "a7e9a420a7968ac6816dac94eb7019e0"
        },
        {
          "type": "image",
          "assetId": "uzkfLRsjz3sb",
          "checksum": "aad63e112730623787c0a949433128b4"
        },
        {
          "assetId": "v57deDbCRSiUfTDw1tW741",
          "type": "projectCss",
          "checksum": "c43132c6a6e361ed7db07e388e495d8e"
        }
      ],
      "codegenVersion": "0.0.1"
    },
    {
      "projectId": "aEHVN5v6mfM4eovDsL8Z7d",
      "version": "0.3.0",
      "dependencies": {},
      "lang": "ts",
      "fileLocks": [
        {
          "assetId": "aEHVN5v6mfM4eovDsL8Z7d",
          "type": "projectCss",
          "checksum": "e1ec850476829c38b0f9b6d4f7ac446a"
        }
      ],
      "codegenVersion": "0.0.1"
    },
    {
      "projectId": "r3ASNrnyvLLLAtDvzUioQ",
      "version": "4.5.0",
      "dependencies": {},
      "lang": "ts",
      "fileLocks": [
        {
          "assetId": "r3ASNrnyvLLLAtDvzUioQ",
          "type": "projectCss",
          "checksum": "e1ec850476829c38b0f9b6d4f7ac446a"
        }
      ],
      "codegenVersion": "0.0.1"
    },
    {
      "projectId": "ohDidvG9XsCeFumugENU3J",
      "version": "6.24.0",
      "dependencies": {},
      "lang": "ts",
      "fileLocks": [
        {
          "assetId": "ohDidvG9XsCeFumugENU3J",
          "type": "projectCss",
          "checksum": "fd83b730367fdbde2c69bc6cf31c2a3c"
        },
        {
          "assetId": "ohDidvG9XsCeFumugENU3J",
          "checksum": "de0a0e65174a6a185a8f822af51c6bdd",
          "type": "globalContexts"
        }
      ],
      "codegenVersion": "0.0.1"
    },
    {
      "projectId": "sqPBLwEBBKHA2WDuGb17eV",
      "version": "0.12.0",
      "dependencies": {},
      "lang": "ts",
      "fileLocks": [
        {
          "assetId": "sqPBLwEBBKHA2WDuGb17eV",
          "type": "projectCss",
          "checksum": "e1ec850476829c38b0f9b6d4f7ac446a"
        },
        {
          "type": "renderModule",
          "assetId": "5nirPCGmCnRD",
          "checksum": "6dfce6e009ab54e882e11f422c08b611"
        },
        {
          "type": "cssRules",
          "assetId": "5nirPCGmCnRD",
          "checksum": "6dfce6e009ab54e882e11f422c08b611"
        },
        {
          "type": "icon",
          "assetId": "Wyt3GMMsLefj",
          "checksum": "d8c88f04735c43b3f7790b0889d20e0c"
        },
        {
          "type": "icon",
          "assetId": "MbDRsJU0e3bw",
          "checksum": "92672aa6935120ebaac11939d8d127bb"
        }
      ],
      "codegenVersion": "0.0.1"
    }
  ],
  "cliVersion": "0.1.331"
}
